{
    "_readme": [
        "This file locks the dependencies of your project to a known state",
        "Read more about it at https://getcomposer.org/doc/01-basic-usage.md#installing-dependencies",
        "This file is @generated automatically"
    ],
    "content-hash": "3ceed4d481ad87413b6a11a2101e63b2",
    "packages": [
        {
            "name": "horde/exception",
            "version": "v3.0.0alpha4",
            "source": {
                "type": "git",
                "url": "https://github.com/horde/Exception.git",
                "reference": "301c19ea90adcebb508969ca2e80b90a17a5a6df"
            },
            "dist": {
                "type": "zip",
                "url": "https://api.github.com/repos/horde/Exception/zipball/301c19ea90adcebb508969ca2e80b90a17a5a6df",
                "reference": "301c19ea90adcebb508969ca2e80b90a17a5a6df",
                "shasum": ""
            },
            "require": {
                "horde/translation": "^3 || dev-FRAMEWORK_6_0",
                "php": "^7 || ^8"
            },
            "suggest": {
                "horde/test": "^3 || dev-FRAMEWORK_6_0"
            },
            "type": "library",
            "autoload": {
                "psr-0": {
                    "Horde_Exception": "lib/"
                },
                "psr-4": {
                    "Horde\\Exception\\": "src/"
                }
            },
            "notification-url": "https://packagist.org/downloads/",
            "license": [
                "LGPL-2.1"
            ],
            "authors": [
                {
                    "name": "Jan Schneider",
                    "email": "jan@horde.org",
                    "role": "lead"
                },
                {
                    "name": "Chuck Hagenbuch",
                    "email": "chuck@horde.org",
                    "role": "lead"
                },
                {
                    "name": "Michael Slusarz",
                    "email": "slusarz@horde.org",
                    "role": "developer"
                }
            ],
            "description": "Exception handler library",
            "homepage": "https://www.horde.org/libraries/Horde_Exception",
            "support": {
                "source": "https://github.com/horde/Exception/tree/v3.0.0alpha4"
            },
            "time": "2021-08-05T00:00:00+00:00"
        },
        {
            "name": "horde/http",
            "version": "v3.0.0beta2",
            "source": {
                "type": "git",
                "url": "https://github.com/horde/Http.git",
                "reference": "2c2e439c5513bda0d81178c7fa3e4aec3c4d71c2"
            },
            "dist": {
                "type": "zip",
                "url": "https://api.github.com/repos/horde/Http/zipball/2c2e439c5513bda0d81178c7fa3e4aec3c4d71c2",
                "reference": "2c2e439c5513bda0d81178c7fa3e4aec3c4d71c2",
                "shasum": ""
            },
            "require": {
                "horde/exception": "^3 || dev-FRAMEWORK_6_0",
                "horde/support": "^3 || dev-FRAMEWORK_6_0",
                "php": "^7.4 || ^8",
                "psr/http-client": "^1.0.3",
                "psr/http-factory": "^1.0.2",
                "psr/http-message": "^2"
            },
            "provide": {
                "psr/http-client-implementation": "^1.0.3",
                "psr/http-factory-implementation": "^1.0.2",
                "psr/http-message-implementation": "^2"
            },
            "require-dev": {
                "horde/test": "^3 || dev-FRAMEWORK_6_0",
                "horde/url": "^3 || dev-FRAMEWORK_6_0"
            },
            "suggest": {
                "ext-curl": "*",
                "ext-http": "*"
            },
            "bin": [
                "bin/ci-bootstrap.sh"
            ],
            "type": "library",
            "extra": {
                "branch-alias": {
                    "dev-FRAMEWORK_6_0": "3.x-dev"
                }
            },
            "autoload": {
                "psr-0": {
                    "Horde_Http": "lib/"
                },
                "psr-4": {
                    "Horde\\Http\\": "src/"
                }
            },
            "notification-url": "https://packagist.org/downloads/",
            "license": [
                "BSD-2-Clause"
            ],
            "authors": [
                {
                    "name": "Jan Schneider",
                    "email": "jan@horde.org",
                    "role": "lead"
                },
                {
                    "name": "Chuck Hagenbuch",
                    "email": "chuck@horde.org",
                    "role": "lead"
                }
            ],
            "description": "HTTP client library",
            "homepage": "https://www.horde.org/libraries/Horde_Http",
            "support": {
                "source": "https://github.com/horde/Http/tree/v3.0.0beta2"
            },
            "time": "2026-03-07T00:00:00+00:00"
        },
        {
            "name": "horde/stream_wrapper",
            "version": "v3.0.0alpha4",
            "source": {
                "type": "git",
                "url": "https://github.com/horde/Stream_Wrapper.git",
                "reference": "330384cc85b120e0ee7238ed1f1c5f59d90b0b58"
            },
            "dist": {
                "type": "zip",
                "url": "https://api.github.com/repos/horde/Stream_Wrapper/zipball/330384cc85b120e0ee7238ed1f1c5f59d90b0b58",
                "reference": "330384cc85b120e0ee7238ed1f1c5f59d90b0b58",
                "shasum": ""
            },
            "require": {
                "php": "^7.4 || ^8"
            },
            "require-dev": {
                "horde/log": "^3",
                "horde/test": "^3"
            },
            "suggest": {
                "horde/log": "^3"
            },
            "type": "library",
            "autoload": {
                "psr-0": {
                    "Horde_Stream_Wrapper": "lib/"
                },
                "psr-4": {
                    "Horde\\Stream\\Wrapper\\": "src/"
                }
            },
            "notification-url": "https://packagist.org/downloads/",
            "license": [
                "BSD-2-Clause"
            ],
            "authors": [
                {
                    "name": "Chuck Hagenbuch",
                    "email": "chuck@horde.org",
                    "role": "lead"
                },
                {
                    "name": "Michael Slusarz",
                    "email": "slusarz@horde.org",
                    "role": "lead"
                }
            ],
            "description": "PHP stream wrappers library",
            "homepage": "https://www.horde.org/libraries/Horde_Stream_Wrapper",
            "support": {
                "source": "https://github.com/horde/Stream_Wrapper/tree/v3.0.0alpha4"
            },
            "time": "2021-11-19T00:00:00+00:00"
        },
        {
            "name": "horde/support",
            "version": "v3.0.0.1alpha4",
            "source": {
                "type": "git",
                "url": "https://github.com/horde/Support.git",
                "reference": "5c314076103ae102039f53dd8cd6fd6bc2e07d78"
            },
            "dist": {
                "type": "zip",
                "url": "https://api.github.com/repos/horde/Support/zipball/5c314076103ae102039f53dd8cd6fd6bc2e07d78",
                "reference": "5c314076103ae102039f53dd8cd6fd6bc2e07d78",
                "shasum": ""
            },
            "require": {
                "horde/exception": "^3 || dev-FRAMEWORK_6_0",
                "horde/stream_wrapper": "^3 || dev-FRAMEWORK_6_0",
                "horde/util": "^3 || dev-FRAMEWORK_6_0",
                "php": "^7.4 || ^8"
            },
            "require-dev": {
                "horde/test": "^3 || dev-FRAMEWORK_6_0"
            },
            "suggest": {
                "horde/test": "^3 || dev-FRAMEWORK_6_0"
            },
            "type": "library",
            "autoload": {
                "psr-0": {
                    "Horde_Support": "lib/"
                },
                "psr-4": {
                    "Horde\\Support\\": "src/"
                }
            },
            "notification-url": "https://packagist.org/downloads/",
            "license": [
                "BSD-2-Clause"
            ],
            "authors": [
                {
                    "name": "Jan Schneider",
                    "email": "jan@horde.org",
                    "role": "lead"
                },
                {
                    "name": "Chuck Hagenbuch",
                    "email": "chuck@horde.org",
                    "role": "lead"
                },
                {
                    "name": "Michael Slusarz",
                    "email": "slusarz@horde.org",
                    "role": "developer"
                }
            ],
            "description": "Supporting library",
            "homepage": "https://www.horde.org/libraries/Horde_Support",
            "support": {
                "source": "https://github.com/horde/Support/tree/v3.0.0.1alpha4"
            },
            "time": "2021-11-05T00:00:00+00:00"
        },
        {
            "name": "horde/translation",
            "version": "v3.0.0alpha2",
            "source": {
                "type": "git",
                "url": "https://github.com/horde/Translation.git",
                "reference": "062ea8a31cc21c2509f40954858c0c5d22e1eb49"
            },
            "dist": {
                "type": "zip",
                "url": "https://api.github.com/repos/horde/Translation/zipball/062ea8a31cc21c2509f40954858c0c5d22e1eb49",
                "reference": "062ea8a31cc21c2509f40954858c0c5d22e1eb49",
                "shasum": ""
            },
            "require": {
                "php": "^7.4 || ^8"
            },
            "require-dev": {
                "horde/test": "^3 || dev-FRAMEWORK_6_0"
            },
            "suggest": {
                "ext-gettext": "*"
            },
            "type": "library",
            "autoload": {
                "psr-0": {
                    "Horde_Translation": "lib/"
                },
                "psr-4": {
                    "Horde\\Translation\\": "src/"
                }
            },
            "notification-url": "https://packagist.org/downloads/",
            "license": [
                "LGPL-2.1-only"
            ],
            "authors": [
                {
                    "name": "Jan Schneider",
                    "email": "jan@horde.org",
                    "role": "lead"
                }
            ],
            "description": "Translation library",
            "homepage": "https://www.horde.org/libraries/Horde_Translation",
            "support": {
                "source": "https://github.com/horde/Translation/tree/v3.0.0alpha2"
            },
            "time": "2022-08-19T00:00:00+00:00"
        },
        {
            "name": "horde/util",
            "version": "v3.0.0alpha9",
            "source": {
                "type": "git",
                "url": "https://github.com/horde/Util.git",
                "reference": "6a46e8d209159d3017175b4eb575764a5907e1d8"
            },
            "dist": {
                "type": "zip",
                "url": "https://api.github.com/repos/horde/Util/zipball/6a46e8d209159d3017175b4eb575764a5907e1d8",
                "reference": "6a46e8d209159d3017175b4eb575764a5907e1d8",
                "shasum": ""
            },
            "require": {
                "ext-dom": "*",
                "php": "^7.4 || ^8"
            },
            "require-dev": {
                "horde/imap_client": "^3 || dev-FRAMEWORK_6_0",
                "horde/test": "^3 || dev-FRAMEWORK_6_0",
                "pear/pear": "*"
            },
            "suggest": {
                "ext-ctype": "*",
                "ext-filter": "*",
                "ext-iconv": "*",
                "ext-intl": "*",
                "ext-json": "*",
                "ext-mbstring": "*",
                "ext-xml": "*",
                "horde/imap_client": "^3 || dev-FRAMEWORK_6_0",
                "horde/test": "^3 || dev-FRAMEWORK_6_0"
            },
            "type": "library",
            "extra": {
                "branch-alias": {
                    "dev-FRAMEWORK_6_0": "3.x-dev"
                }
            },
            "autoload": {
                "psr-4": {
                    "Horde\\Util\\": "src/"
                },
                "classmap": [
                    "lib/"
                ]
            },
            "notification-url": "https://packagist.org/downloads/",
            "license": [
                "LGPL-2.1-only"
            ],
            "authors": [
                {
                    "name": "Jan Schneider",
                    "email": "jan@horde.org",
                    "role": "lead"
                },
                {
                    "name": "Chuck Hagenbuch",
                    "email": "chuck@horde.org",
                    "role": "lead"
                },
                {
                    "name": "Michael Slusarz",
                    "email": "slusarz@horde.org",
                    "role": "developer"
                }
            ],
            "description": "Utility library",
            "homepage": "https://www.horde.org/libraries/Horde_Util",
            "support": {
                "issues": "https://github.com/horde/Util/issues",
                "source": "https://github.com/horde/Util/tree/v3.0.0alpha9"
            },
            "time": "2026-03-07T00:00:00+00:00"
        },
        {
            "name": "psr/http-client",
            "version": "1.0.3",
            "source": {
                "type": "git",
                "url": "https://github.com/php-fig/http-client.git",
                "reference": "bb5906edc1c324c9a05aa0873d40117941e5fa90"
            },
            "dist": {
                "type": "zip",
                "url": "https://api.github.com/repos/php-fig/http-client/zipball/bb5906edc1c324c9a05aa0873d40117941e5fa90",
                "reference": "bb5906edc1c324c9a05aa0873d40117941e5fa90",
                "shasum": ""
            },
            "require": {
                "php": "^7.0 || ^8.0",
                "psr/http-message": "^1.0 || ^2.0"
            },
            "type": "library",
            "extra": {
                "branch-alias": {
                    "dev-master": "1.0.x-dev"
                }
            },
            "autoload": {
                "psr-4": {
                    "Psr\\Http\\Client\\": "src/"
                }
            },
            "notification-url": "https://packagist.org/downloads/",
            "license": [
                "MIT"
            ],
            "authors": [
                {
                    "name": "PHP-FIG",
                    "homepage": "https://www.php-fig.org/"
                }
            ],
            "description": "Common interface for HTTP clients",
            "homepage": "https://github.com/php-fig/http-client",
            "keywords": [
                "http",
                "http-client",
                "psr",
                "psr-18"
            ],
            "support": {
                "source": "https://github.com/php-fig/http-client"
            },
            "time": "2023-09-23T14:17:50+00:00"
        },
        {
            "name": "psr/http-factory",
            "version": "1.1.0",
            "source": {
                "type": "git",
                "url": "https://github.com/php-fig/http-factory.git",
                "reference": "2b4765fddfe3b508ac62f829e852b1501d3f6e8a"
            },
            "dist": {
                "type": "zip",
                "url": "https://api.github.com/repos/php-fig/http-factory/zipball/2b4765fddfe3b508ac62f829e852b1501d3f6e8a",
                "reference": "2b4765fddfe3b508ac62f829e852b1501d3f6e8a",
                "shasum": ""
            },
            "require": {
                "php": ">=7.1",
                "psr/http-message": "^1.0 || ^2.0"
            },
            "type": "library",
            "extra": {
                "branch-alias": {
                    "dev-master": "1.0.x-dev"
                }
            },
            "autoload": {
                "psr-4": {
                    "Psr\\Http\\Message\\": "src/"
                }
            },
            "notification-url": "https://packagist.org/downloads/",
            "license": [
                "MIT"
            ],
            "authors": [
                {
                    "name": "PHP-FIG",
                    "homepage": "https://www.php-fig.org/"
                }
            ],
            "description": "PSR-17: Common interfaces for PSR-7 HTTP message factories",
            "keywords": [
                "factory",
                "http",
                "message",
                "psr",
                "psr-17",
                "psr-7",
                "request",
                "response"
            ],
            "support": {
                "source": "https://github.com/php-fig/http-factory"
            },
            "time": "2024-04-15T12:06:14+00:00"
        },
        {
            "name": "psr/http-message",
            "version": "2.0",
            "source": {
                "type": "git",
                "url": "https://github.com/php-fig/http-message.git",
                "reference": "402d35bcb92c70c026d1a6a9883f06b2ead23d71"
            },
            "dist": {
                "type": "zip",
                "url": "https://api.github.com/repos/php-fig/http-message/zipball/402d35bcb92c70c026d1a6a9883f06b2ead23d71",
                "reference": "402d35bcb92c70c026d1a6a9883f06b2ead23d71",
                "shasum": ""
            },
            "require": {
                "php": "^7.2 || ^8.0"
            },
            "type": "library",
            "extra": {
                "branch-alias": {
                    "dev-master": "2.0.x-dev"
                }
            },
            "autoload": {
                "psr-4": {
                    "Psr\\Http\\Message\\": "src/"
                }
            },
            "notification-url": "https://packagist.org/downloads/",
            "license": [
                "MIT"
            ],
            "authors": [
                {
                    "name": "PHP-FIG",
                    "homepage": "https://www.php-fig.org/"
                }
            ],
            "description": "Common interface for HTTP messages",
            "homepage": "https://github.com/php-fig/http-message",
            "keywords": [
                "http",
                "http-message",
                "psr",
                "psr-7",
                "request",
                "response"
            ],
            "support": {
                "source": "https://github.com/php-fig/http-message/tree/2.0"
            },
            "time": "2023-04-04T09:54:51+00:00"
        }
    ],
    "packages-dev": [
        {
            "name": "horde/cache",
            "version": "v3.0.0alpha5",
            "source": {
                "type": "git",
                "url": "https://github.com/horde/Cache.git",
                "reference": "2613a121bbb95d3ef1e1c21b8728ba2529a27ea2"
            },
            "dist": {
                "type": "zip",
                "url": "https://api.github.com/repos/horde/Cache/zipball/2613a121bbb95d3ef1e1c21b8728ba2529a27ea2",
                "reference": "2613a121bbb95d3ef1e1c21b8728ba2529a27ea2",
                "shasum": ""
            },
            "require": {
                "ext-hash": "*",
                "horde/compress_fast": "^2 || dev-FRAMEWORK_6_0",
                "horde/exception": "^3 || dev-FRAMEWORK_6_0",
                "horde/util": "^3 || dev-FRAMEWORK_6_0",
                "php": "^7.4 || ^8"
            },
            "require-dev": {
                "horde/db": "^3 || dev-FRAMEWORK_6_0",
                "horde/hashtable": "^2 || dev-FRAMEWORK_6_0",
                "horde/log": "^3 || dev-FRAMEWORK_6_0",
                "horde/memcache": "^3 || dev-FRAMEWORK_6_0",
                "horde/mongo": "^2 || dev-FRAMEWORK_6_0",
                "horde/test": "^3 || dev-FRAMEWORK_6_0"
            },
            "suggest": {
                "ext-apcu": "*",
                "ext-eaccelerator": "0.9.5",
                "ext-xcache": "*",
                "horde/db": "^3 || dev-FRAMEWORK_6_0",
                "horde/hashtable": "^2 || dev-FRAMEWORK_6_0",
                "horde/log": "^3 || dev-FRAMEWORK_6_0",
                "horde/memcache": "^3 || dev-FRAMEWORK_6_0",
                "horde/mongo": "^2 || dev-FRAMEWORK_6_0"
            },
            "type": "library",
            "extra": {
                "branch-alias": {
                    "dev-FRAMEWORK_6_0": "3.x-dev"
                }
            },
            "autoload": {
                "psr-0": {
                    "Horde_Cache": "lib/"
                },
                "psr-4": {
                    "Horde\\Cache\\": "src/"
                }
            },
            "notification-url": "https://packagist.org/downloads/",
            "license": [
                "LGPL-2.1-only"
            ],
            "authors": [
                {
                    "name": "Chuck Hagenbuch",
                    "email": "chuck@horde.org",
                    "role": "lead"
                },
                {
                    "name": "Michael Slusarz",
                    "email": "slusarz@horde.org",
                    "role": "lead"
                }
            ],
            "description": "Caching library",
            "homepage": "https://www.horde.org/libraries/Horde_Cache",
            "support": {
                "source": "https://github.com/horde/Cache/tree/v3.0.0alpha5"
            },
            "time": "2025-05-22T00:00:00+00:00"
        },
        {
            "name": "horde/compress_fast",
            "version": "v2.0.0alpha4",
            "source": {
                "type": "git",
                "url": "https://github.com/horde/Compress_Fast.git",
                "reference": "3b27b4f7b585cdeb9f9700c25f9116653f493c36"
            },
            "dist": {
                "type": "zip",
                "url": "https://api.github.com/repos/horde/Compress_Fast/zipball/3b27b4f7b585cdeb9f9700c25f9116653f493c36",
                "reference": "3b27b4f7b585cdeb9f9700c25f9116653f493c36",
                "shasum": ""
            },
            "require": {
                "horde/exception": "^3",
                "php": "^7.4 || ^8"
            },
            "require-dev": {
                "horde/test": "^3"
            },
            "suggest": {
                "ext-horde_lz4": "*",
                "ext-lzf": "*",
                "ext-zlib": "*"
            },
            "type": "library",
            "autoload": {
                "psr-0": {
                    "Horde_Compress_Fast": "lib/"
                },
                "psr-4": {
                    "Horde\\Compress\\Fast\\": "src/"
                }
            },
            "notification-url": "https://packagist.org/downloads/",
            "license": [
                "LGPL-2.1"
            ],
            "authors": [
                {
                    "name": "Michael Slusarz",
                    "email": "slusarz@horde.org",
                    "role": "lead"
                }
            ],
            "description": "Fast compression library",
            "homepage": "https://www.horde.org",
            "support": {
                "source": "https://github.com/horde/Compress_Fast/tree/v2.0.0alpha4"
            },
            "time": "2021-11-06T00:00:00+00:00"
        },
        {
            "name": "horde/constraint",
            "version": "v3.0.0alpha8",
            "source": {
                "type": "git",
                "url": "https://github.com/horde/Constraint.git",
                "reference": "4d8aeea70006d865552de58f0a68c37524c681f0"
            },
            "dist": {
                "type": "zip",
                "url": "https://api.github.com/repos/horde/Constraint/zipball/4d8aeea70006d865552de58f0a68c37524c681f0",
                "reference": "4d8aeea70006d865552de58f0a68c37524c681f0",
                "shasum": ""
            },
            "require": {
                "php": "^8.1"
            },
            "type": "library",
            "extra": {
                "branch-alias": {
                    "dev-FRAMEWORK_6_0": "3.x-dev"
                }
            },
            "autoload": {
                "psr-0": {
                    "Horde_Constraint": "lib/"
                },
                "psr-4": {
                    "Horde\\Constraint\\": "src/"
                }
            },
            "notification-url": "https://packagist.org/downloads/",
            "license": [
                "BSD-2-Clause"
            ],
            "authors": [
                {
                    "name": "Chuck Hagenbuch",
                    "email": "chuck@horde.org",
                    "role": "lead"
                },
                {
                    "name": "James Pepin",
                    "email": "james@jamespepin.com",
                    "role": "developer"
                }
            ],
            "description": "Modern constraint library with PHP 8.1+ type safety",
            "homepage": "https://www.horde.org/libraries/Horde_Constraint",
            "support": {
                "source": "https://github.com/horde/Constraint/tree/v3.0.0alpha8"
            },
            "time": "2026-03-07T00:00:00+00:00"
        },
        {
            "name": "horde/controller",
            "version": "v3.0.0alpha4",
            "source": {
                "type": "git",
                "url": "https://github.com/horde/Controller.git",
                "reference": "f31989c53f448911b626f30d6647139575e0af5a"
            },
            "dist": {
                "type": "zip",
                "url": "https://api.github.com/repos/horde/Controller/zipball/f31989c53f448911b626f30d6647139575e0af5a",
                "reference": "f31989c53f448911b626f30d6647139575e0af5a",
                "shasum": ""
            },
            "require": {
                "horde/exception": "^3",
                "horde/injector": "^3",
                "horde/log": "^3",
                "horde/support": "^3",
                "horde/util": "^3",
                "php": "^7.4 || ^8"
            },
            "suggest": {
                "ext-mbstring": "*",
                "ext-zlib": "*",
                "horde/http": "*",
                "horde/test": "^3"
            },
            "type": "library",
            "autoload": {
                "psr-0": {
                    "Horde_Controller": "lib/"
                },
                "psr-4": {
                    "Horde\\Controller\\": "src/"
                }
            },
            "notification-url": "https://packagist.org/downloads/",
            "license": [
                "BSD-2-Clause"
            ],
            "authors": [
                {
                    "name": "Mike Naberezny",
                    "email": "mike@naberezny.com",
                    "role": "lead"
                },
                {
                    "name": "Chuck Hagenbuch",
                    "email": "chuck@horde.org",
                    "role": "lead"
                }
            ],
            "description": "Controller library",
            "homepage": "https://www.horde.org/libraries/Horde_Controller",
            "support": {
                "source": "https://github.com/horde/Controller/tree/v3.0.0alpha4"
            },
            "time": "2021-10-27T00:00:00+00:00"
        },
        {
            "name": "horde/injector",
            "version": "v3.0.0alpha11",
            "source": {
                "type": "git",
                "url": "https://github.com/horde/Injector.git",
                "reference": "1cd4c98604042200f54dd5e5f68ad35c85e6e350"
            },
            "dist": {
                "type": "zip",
                "url": "https://api.github.com/repos/horde/Injector/zipball/1cd4c98604042200f54dd5e5f68ad35c85e6e350",
                "reference": "1cd4c98604042200f54dd5e5f68ad35c85e6e350",
                "shasum": ""
            },
            "require": {
                "horde/exception": "^3 || dev-FRAMEWORK_6_0",
                "php": "^7.4 || ^8",
                "psr/container": "^2"
            },
            "provide": {
                "psr/container-implementation": "2.0.1"
            },
            "require-dev": {
                "friendsofphp/php-cs-fixer": "^3",
                "horde/test": "^3 || dev-FRAMEWORK_6_0",
                "phpstan/phpstan": "^2"
            },
            "type": "library",
            "autoload": {
                "psr-0": {
                    "Horde_Injector": "lib/"
                },
                "psr-4": {
                    "Horde\\Injector\\": "src/"
                }
            },
            "notification-url": "https://packagist.org/downloads/",
            "license": [
                "BSD-2-Clause"
            ],
            "authors": [
                {
                    "name": "Chuck Hagenbuch",
                    "email": "chuck@horde.org",
                    "role": "lead"
                }
            ],
            "description": "Dependency injection container library",
            "homepage": "https://www.horde.org/libraries/Horde_Injector",
            "support": {
                "source": "https://github.com/horde/Injector/tree/v3.0.0alpha11"
            },
            "time": "2022-11-18T00:00:00+00:00"
        },
        {
            "name": "horde/log",
            "version": "v3.0.0beta1",
            "source": {
                "type": "git",
                "url": "https://github.com/horde/Log.git",
                "reference": "1dba58f930d6e83a84f68b50e21e6d165d05534f"
            },
            "dist": {
                "type": "zip",
                "url": "https://api.github.com/repos/horde/Log/zipball/1dba58f930d6e83a84f68b50e21e6d165d05534f",
                "reference": "1dba58f930d6e83a84f68b50e21e6d165d05534f",
                "shasum": ""
            },
            "require": {
                "horde/constraint": "^3 || dev-FRAMEWORK_6_0",
                "horde/exception": "^3 || dev-FRAMEWORK_6_0",
                "horde/util": "^3 || dev-FRAMEWORK_6_0",
                "php": "^8",
                "psr/log": "^1 || ^2 || ^3"
            },
            "provide": {
                "psr/log-implementation": "3.0.0"
            },
            "require-dev": {
                "friendsofphp/php-cs-fixer": "^3",
                "horde/cli": "^3 || dev-FRAMEWORK_6_0",
                "horde/scribe": "^3 || dev-FRAMEWORK_6_0",
                "phpstan/phpstan": "^2",
                "phpunit/phpunit": "^12"
            },
            "suggest": {
                "ext-dom": "*",
                "horde/cli": "^3 || dev-FRAMEWORK_6_0",
                "horde/scribe": "^3 || dev-FRAMEWORK_6_0"
            },
            "type": "library",
            "extra": {
                "branch-alias": {
                    "dev-FRAMEWORK_6_0": "3.x-dev"
                }
            },
            "autoload": {
                "psr-0": {
                    "Horde_Log": "lib/"
                },
                "psr-4": {
                    "Horde\\Log\\": "src/"
                }
            },
            "notification-url": "https://packagist.org/downloads/",
            "license": [
                "BSD-2-Clause"
            ],
            "authors": [
                {
                    "name": "Mike Naberezny",
                    "email": "mike@maintainable.com",
                    "role": "lead"
                },
                {
                    "name": "Chuck Hagenbuch",
                    "email": "chuck@horde.org",
                    "role": "lead"
                },
                {
                    "name": "Ralf Lang",
                    "email": "ralf.lang@ralf-lang.de",
                    "role": "maintainer"
                }
            ],
            "description": "Logging library",
            "homepage": "https://www.horde.org/libraries/Horde_Log",
            "support": {
                "source": "https://github.com/horde/Log/tree/v3.0.0beta1"
            },
            "time": "2025-07-01T00:00:00+00:00"
        },
        {
            "name": "horde/test",
            "version": "v3.0.0alpha8",
            "source": {
                "type": "git",
                "url": "https://github.com/horde/Test.git",
                "reference": "0bd9e1d4bcde7a61314d7e86a4723228b8c89124"
            },
            "dist": {
                "type": "zip",
                "url": "https://api.github.com/repos/horde/Test/zipball/0bd9e1d4bcde7a61314d7e86a4723228b8c89124",
                "reference": "0bd9e1d4bcde7a61314d7e86a4723228b8c89124",
                "shasum": ""
            },
            "require": {
                "horde/support": "^3 || dev-FRAMEWORK_6_0",
                "horde/util": "^3 || dev-FRAMEWORK_6_0",
                "php": "^7.4 || ^8"
            },
            "require-dev": {
                "horde/argv": "^3 || dev-FRAMEWORK_6_0",
                "horde/cache": "^3 || dev-FRAMEWORK_6_0",
                "horde/cli": "^3 || dev-FRAMEWORK_6_0",
                "horde/core": "^3 || dev-FRAMEWORK_6_0",
                "horde/history": "^3 || dev-FRAMEWORK_6_0",
                "horde/injector": "^3 || dev-FRAMEWORK_6_0",
                "horde/log": "^3 || dev-FRAMEWORK_6_0",
                "horde/mongo": "^2 || dev-FRAMEWORK_6_0",
                "phpunit/phpunit": "^9"
            },
            "suggest": {
                "ext-dom": "*",
                "ext-json": "*",
                "horde/cli": "^3 || dev-FRAMEWORK_6_0",
                "horde/log": "^3 || dev-FRAMEWORK_6_0"
            },
            "type": "library",
            "extra": {
                "branch-alias": {
                    "dev-FRAMEWORK_6_0": "3.x-dev"
                }
            },
            "autoload": {
                "psr-0": {
                    "Horde_Test": "lib/"
                },
                "psr-4": {
                    "Horde\\Test\\": "src/"
                }
            },
            "notification-url": "https://packagist.org/downloads/",
            "license": [
                "LGPL-2.1-only"
            ],
            "authors": [
                {
                    "name": "Jan Schneider",
                    "email": "jan@horde.org",
                    "role": "lead"
                },
                {
                    "name": "Chuck Hagenbuch",
                    "email": "chuck@horde.org",
                    "role": "lead"
                }
            ],
            "description": "Unit testing library",
            "homepage": "https://www.horde.org/libraries/Horde_Test",
            "support": {
                "source": "https://github.com/horde/Test/tree/v3.0.0alpha8"
            },
            "time": "2026-03-07T00:00:00+00:00"
        },
        {
            "name": "psr/container",
            "version": "2.0.2",
            "source": {
                "type": "git",
                "url": "https://github.com/php-fig/container.git",
                "reference": "c71ecc56dfe541dbd90c5360474fbc405f8d5963"
            },
            "dist": {
                "type": "zip",
                "url": "https://api.github.com/repos/php-fig/container/zipball/c71ecc56dfe541dbd90c5360474fbc405f8d5963",
                "reference": "c71ecc56dfe541dbd90c5360474fbc405f8d5963",
                "shasum": ""
            },
            "require": {
                "php": ">=7.4.0"
            },
            "type": "library",
            "extra": {
                "branch-alias": {
                    "dev-master": "2.0.x-dev"
                }
            },
            "autoload": {
                "psr-4": {
                    "Psr\\Container\\": "src/"
                }
            },
            "notification-url": "https://packagist.org/downloads/",
            "license": [
                "MIT"
            ],
            "authors": [
                {
                    "name": "PHP-FIG",
                    "homepage": "https://www.php-fig.org/"
                }
            ],
            "description": "Common Container Interface (PHP FIG PSR-11)",
            "homepage": "https://github.com/php-fig/container",
            "keywords": [
                "PSR-11",
                "container",
                "container-interface",
                "container-interop",
                "psr"
            ],
            "support": {
                "issues": "https://github.com/php-fig/container/issues",
                "source": "https://github.com/php-fig/container/tree/2.0.2"
            },
            "time": "2021-11-05T16:47:00+00:00"
        },
        {
            "name": "psr/log",
            "version": "3.0.2",
            "source": {
                "type": "git",
                "url": "https://github.com/php-fig/log.git",
                "reference": "f16e1d5863e37f8d8c2a01719f5b34baa2b714d3"
            },
            "dist": {
                "type": "zip",
                "url": "https://api.github.com/repos/php-fig/log/zipball/f16e1d5863e37f8d8c2a01719f5b34baa2b714d3",
                "reference": "f16e1d5863e37f8d8c2a01719f5b34baa2b714d3",
                "shasum": ""
            },
            "require": {
                "php": ">=8.0.0"
            },
            "type": "library",
            "extra": {
                "branch-alias": {
                    "dev-master": "3.x-dev"
                }
            },
            "autoload": {
                "psr-4": {
                    "Psr\\Log\\": "src"
                }
            },
            "notification-url": "https://packagist.org/downloads/",
            "license": [
                "MIT"
            ],
            "authors": [
                {
                    "name": "PHP-FIG",
                    "homepage": "https://www.php-fig.org/"
                }
            ],
            "description": "Common interface for logging libraries",
            "homepage": "https://github.com/php-fig/log",
            "keywords": [
                "log",
                "psr",
                "psr-3"
            ],
            "support": {
                "source": "https://github.com/php-fig/log/tree/3.0.2"
            },
            "time": "2024-09-11T13:17:53+00:00"
        }
    ],
    "aliases": [],
    "minimum-stability": "dev",
    "stability-flags": {
        "horde/cache": 20,
        "horde/controller": 20,
        "horde/exception": 20,
        "horde/http": 20,
        "horde/support": 20,
        "horde/test": 20,
        "horde/util": 20
    },
    "prefer-stable": true,
    "prefer-lowest": false,
    "platform": {
        "php": "^7.4 || ^8"
    },
    "platform-dev": {},
    "plugin-api-version": "2.9.0"
}
